
Microsoft Visual Studio Solution File, Format Version 12.00
# Visual Studio Version 16
VisualStudioVersion = 16.0.30717.126
MinimumVisualStudioVersion = 10.0.40219.1
Project("{FAE04EC0-301F-11D3-BF4B-00C04F79EFBC}") = "ArraySummation", "ArraySummation\ArraySummation.csproj", "{74186337-0454-4A43-9A42-602EF2E62F8B}"
EndProject
Global
	GlobalSection(SolutionConfigurationPlatforms) = preSolution
		Debug|Any CPU = Debug|Any CPU
		Release|Any CPU = Release|Any CPU
	EndGlobalSection
	GlobalSection(ProjectConfigurationPlatforms) = postSolution
		{74186337-0454-4A43-9A42-602EF2E62F8B}.Debug|Any CPU.ActiveCfg = Debug|Any CPU
		{74186337-0454-4A43-9A42-602EF2E62F8B}.Debug|Any CPU.Build.0 = Debug|Any CPU
		{74186337-0454-4A43-9A42-602EF2E62F8B}.Release|Any CPU.ActiveCfg = Release|Any CPU
		{74186337-0454-4A43-9A42-602EF2E62F8B}.Release|Any CPU.Build.0 = Release|Any CPU
	EndGlobalSection
	GlobalSection(SolutionProperties) = preSolution
		HideSolutionNode = FALSE
	EndGlobalSection
	GlobalSection(ExtensibilityGlobals) = postSolution
		SolutionGuid = {A1DDEF52-1B0D-4931-AA69-7BB8BBF60E15}
	EndGlobalSection
EndGlobal
